// !$*UTF8*$!
{
	archiveVersion = 1;
	classes = {
	};
	objectVersion = 50;
	objects = {

/* Begin PBXBuildFile section */
		79E7EEFB269F6EB40066D305 /* TouchdownApp.swift in Sources */ = {isa = PBXBuildFile; fileRef = 79E7EEFA269F6EB40066D305 /* TouchdownApp.swift */; };
		79E7EEFD269F6EB40066D305 /* ContentView.swift in Sources */ = {isa = PBXBuildFile; fileRef = 79E7EEFC269F6EB40066D305 /* ContentView.swift */; };
		79E7EEFF269F6EB80066D305 /* Assets.xcassets in Resources */ = {isa = PBXBuildFile; fileRef = 79E7EEFE269F6EB80066D305 /* Assets.xcassets */; };
		79E7EF02269F6EB80066D305 /* Preview Assets.xcassets in Resources */ = {isa = PBXBuildFile; fileRef = 79E7EF01269F6EB80066D305 /* Preview Assets.xcassets */; };
		79E7EF0E269F6F630066D305 /* player.json in Resources */ = {isa = PBXBuildFile; fileRef = 79E7EF0A269F6F630066D305 /* player.json */; };
		79E7EF0F269F6F630066D305 /* category.json in Resources */ = {isa = PBXBuildFile; fileRef = 79E7EF0B269F6F630066D305 /* category.json */; };
		79E7EF10269F6F630066D305 /* brand.json in Resources */ = {isa = PBXBuildFile; fileRef = 79E7EF0C269F6F630066D305 /* brand.json */; };
		79E7EF11269F6F630066D305 /* product.json in Resources */ = {isa = PBXBuildFile; fileRef = 79E7EF0D269F6F630066D305 /* product.json */; };
		79E7EF1A26A0D2840066D305 /* Constant.swift in Sources */ = {isa = PBXBuildFile; fileRef = 79E7EF1926A0D2840066D305 /* Constant.swift */; };
		79E7EF1C26A0D3D60066D305 /* FooterView.swift in Sources */ = {isa = PBXBuildFile; fileRef = 79E7EF1B26A0D3D60066D305 /* FooterView.swift */; };
		79E7EF1E26A0DB760066D305 /* NavigationBarView.swift in Sources */ = {isa = PBXBuildFile; fileRef = 79E7EF1D26A0DB760066D305 /* NavigationBarView.swift */; };
		79E7EF2026A0DC550066D305 /* LogoView.swift in Sources */ = {isa = PBXBuildFile; fileRef = 79E7EF1F26A0DC550066D305 /* LogoView.swift */; };
		79E7EF2226A0E0270066D305 /* PlayerModel.swift in Sources */ = {isa = PBXBuildFile; fileRef = 79E7EF2126A0E0270066D305 /* PlayerModel.swift */; };
		79E7EF2426A0E05C0066D305 /* CodableBundleExtension.swift in Sources */ = {isa = PBXBuildFile; fileRef = 79E7EF2326A0E05C0066D305 /* CodableBundleExtension.swift */; };
		79E7EF2626A0E7A60066D305 /* FeaturedItemView.swift in Sources */ = {isa = PBXBuildFile; fileRef = 79E7EF2526A0E7A60066D305 /* FeaturedItemView.swift */; };
		79E7EF2826A0E8B20066D305 /* FeaturedTabView.swift in Sources */ = {isa = PBXBuildFile; fileRef = 79E7EF2726A0E8B20066D305 /* FeaturedTabView.swift */; };
		79E7EF2A26A0EF7F0066D305 /* CategoryModel.swift in Sources */ = {isa = PBXBuildFile; fileRef = 79E7EF2926A0EF7F0066D305 /* CategoryModel.swift */; };
		79E7EF2C26A10AA50066D305 /* CategoryItemView.swift in Sources */ = {isa = PBXBuildFile; fileRef = 79E7EF2B26A10AA50066D305 /* CategoryItemView.swift */; };
		79E7EF2E26A1AF4B0066D305 /* CategoryGridView.swift in Sources */ = {isa = PBXBuildFile; fileRef = 79E7EF2D26A1AF4B0066D305 /* CategoryGridView.swift */; };
		79E7EF3026A1B2520066D305 /* SectionView.swift in Sources */ = {isa = PBXBuildFile; fileRef = 79E7EF2F26A1B2520066D305 /* SectionView.swift */; };
		79E7EF3226A1B6780066D305 /* TitleView.swift in Sources */ = {isa = PBXBuildFile; fileRef = 79E7EF3126A1B6780066D305 /* TitleView.swift */; };
		79E7EF3426A1B7740066D305 /* ProductModel.swift in Sources */ = {isa = PBXBuildFile; fileRef = 79E7EF3326A1B7740066D305 /* ProductModel.swift */; };
		79E7EF3826A1B8840066D305 /* ProductItemView.swift in Sources */ = {isa = PBXBuildFile; fileRef = 79E7EF3726A1B8840066D305 /* ProductItemView.swift */; };
		79E7EF3A26A1C1B60066D305 /* BrandModel.swift in Sources */ = {isa = PBXBuildFile; fileRef = 79E7EF3926A1C1B60066D305 /* BrandModel.swift */; };
		79E7EF3C26A1C2150066D305 /* BrandItemView.swift in Sources */ = {isa = PBXBuildFile; fileRef = 79E7EF3B26A1C2150066D305 /* BrandItemView.swift */; };
		79E7EF3E26A1C3050066D305 /* BrandGridView.swift in Sources */ = {isa = PBXBuildFile; fileRef = 79E7EF3D26A1C3050066D305 /* BrandGridView.swift */; };
		79E7EF4026A1C7050066D305 /* ProductDetailView.swift in Sources */ = {isa = PBXBuildFile; fileRef = 79E7EF3F26A1C7050066D305 /* ProductDetailView.swift */; };
		79E7EF4226A1D0170066D305 /* NavigationBarDetailView.swift in Sources */ = {isa = PBXBuildFile; fileRef = 79E7EF4126A1D0170066D305 /* NavigationBarDetailView.swift */; };
		79E7EF4526A1D1430066D305 /* HeaderDetailView.swift in Sources */ = {isa = PBXBuildFile; fileRef = 79E7EF4426A1D1430066D305 /* HeaderDetailView.swift */; };
		79E7EF4726A1D2030066D305 /* TopPartDetailView.swift in Sources */ = {isa = PBXBuildFile; fileRef = 79E7EF4626A1D2030066D305 /* TopPartDetailView.swift */; };
		79E7EF4926A1D63B0066D305 /* CustomShape.swift in Sources */ = {isa = PBXBuildFile; fileRef = 79E7EF4826A1D63B0066D305 /* CustomShape.swift */; };
		79E7EF4B26A1D8900066D305 /* RatingsSizesDetailView.swift in Sources */ = {isa = PBXBuildFile; fileRef = 79E7EF4A26A1D8900066D305 /* RatingsSizesDetailView.swift */; };
		79E7EF4D26A1DB9E0066D305 /* QuantityFavouriteDetailView.swift in Sources */ = {isa = PBXBuildFile; fileRef = 79E7EF4C26A1DB9E0066D305 /* QuantityFavouriteDetailView.swift */; };
		79E7EF4F26A1DDE20066D305 /* AddToCartDetailView.swift in Sources */ = {isa = PBXBuildFile; fileRef = 79E7EF4E26A1DDE20066D305 /* AddToCartDetailView.swift */; };
		79E7EF5126A1DFFF0066D305 /* Shop.swift in Sources */ = {isa = PBXBuildFile; fileRef = 79E7EF5026A1DFFF0066D305 /* Shop.swift */; };
/* End PBXBuildFile section */

/* Begin PBXFileReference section */
		79E7EEF7269F6EB40066D305 /* Touchdown.app */ = {isa = PBXFileReference; explicitFileType = wrapper.application; includeInIndex = 0; path = Touchdown.app; sourceTree = BUILT_PRODUCTS_DIR; };
		79E7EEFA269F6EB40066D305 /* TouchdownApp.swift */ = {isa = PBXFileReference; lastKnownFileType = sourcecode.swift; path = TouchdownApp.swift; sourceTree = "<group>"; };
		79E7EEFC269F6EB40066D305 /* ContentView.swift */ = {isa = PBXFileReference; lastKnownFileType = sourcecode.swift; path = ContentView.swift; sourceTree = "<group>"; };
		79E7EEFE269F6EB80066D305 /* Assets.xcassets */ = {isa = PBXFileReference; lastKnownFileType = folder.assetcatalog; path = Assets.xcassets; sourceTree = "<group>"; };
		79E7EF01269F6EB80066D305 /* Preview Assets.xcassets */ = {isa = PBXFileReference; lastKnownFileType = folder.assetcatalog; path = "Preview Assets.xcassets"; sourceTree = "<group>"; };
		79E7EF03269F6EB80066D305 /* Info.plist */ = {isa = PBXFileReference; lastKnownFileType = text.plist.xml; path = Info.plist; sourceTree = "<group>"; };
		79E7EF0A269F6F630066D305 /* player.json */ = {isa = PBXFileReference; fileEncoding = 4; lastKnownFileType = text.json; path = player.json; sourceTree = "<group>"; };
		79E7EF0B269F6F630066D305 /* category.json */ = {isa = PBXFileReference; fileEncoding = 4; lastKnownFileType = text.json; path = category.json; sourceTree = "<group>"; };
		79E7EF0C269F6F630066D305 /* brand.json */ = {isa = PBXFileReference; fileEncoding = 4; lastKnownFileType = text.json; path = brand.json; sourceTree = "<group>"; };
		79E7EF0D269F6F630066D305 /* product.json */ = {isa = PBXFileReference; fileEncoding = 4; lastKnownFileType = text.json; path = product.json; sourceTree = "<group>"; };
		79E7EF1926A0D2840066D305 /* Constant.swift */ = {isa = PBXFileReference; lastKnownFileType = sourcecode.swift; path = Constant.swift; sourceTree = "<group>"; };
		79E7EF1B26A0D3D60066D305 /* FooterView.swift */ = {isa = PBXFileReference; lastKnownFileType = sourcecode.swift; path = FooterView.swift; sourceTree = "<group>"; };
		79E7EF1D26A0DB760066D305 /* NavigationBarView.swift */ = {isa = PBXFileReference; lastKnownFileType = sourcecode.swift; path = NavigationBarView.swift; sourceTree = "<group>"; };
		79E7EF1F26A0DC550066D305 /* LogoView.swift */ = {isa = PBXFileReference; lastKnownFileType = sourcecode.swift; path = LogoView.swift; sourceTree = "<group>"; };
		79E7EF2126A0E0270066D305 /* PlayerModel.swift */ = {isa = PBXFileReference; lastKnownFileType = sourcecode.swift; path = PlayerModel.swift; sourceTree = "<group>"; };
		79E7EF2326A0E05C0066D305 /* CodableBundleExtension.swift */ = {isa = PBXFileReference; lastKnownFileType = sourcecode.swift; path = CodableBundleExtension.swift; sourceTree = "<group>"; };
		79E7EF2526A0E7A60066D305 /* FeaturedItemView.swift */ = {isa = PBXFileReference; lastKnownFileType = sourcecode.swift; path = FeaturedItemView.swift; sourceTree = "<group>"; };
		79E7EF2726A0E8B20066D305 /* FeaturedTabView.swift */ = {isa = PBXFileReference; lastKnownFileType = sourcecode.swift; path = FeaturedTabView.swift; sourceTree = "<group>"; };
		79E7EF2926A0EF7F0066D305 /* CategoryModel.swift */ = {isa = PBXFileReference; lastKnownFileType = sourcecode.swift; path = CategoryModel.swift; sourceTree = "<group>"; };
		79E7EF2B26A10AA50066D305 /* CategoryItemView.swift */ = {isa = PBXFileReference; lastKnownFileType = sourcecode.swift; path = CategoryItemView.swift; sourceTree = "<group>"; };
		79E7EF2D26A1AF4B0066D305 /* CategoryGridView.swift */ = {isa = PBXFileReference; lastKnownFileType = sourcecode.swift; path = CategoryGridView.swift; sourceTree = "<group>"; };
		79E7EF2F26A1B2520066D305 /* SectionView.swift */ = {isa = PBXFileReference; lastKnownFileType = sourcecode.swift; path = SectionView.swift; sourceTree = "<group>"; };
		79E7EF3126A1B6780066D305 /* TitleView.swift */ = {isa = PBXFileReference; lastKnownFileType = sourcecode.swift; path = TitleView.swift; sourceTree = "<group>"; };
		79E7EF3326A1B7740066D305 /* ProductModel.swift */ = {isa = PBXFileReference; lastKnownFileType = sourcecode.swift; path = ProductModel.swift; sourceTree = "<group>"; };
		79E7EF3726A1B8840066D305 /* ProductItemView.swift */ = {isa = PBXFileReference; lastKnownFileType = sourcecode.swift; path = ProductItemView.swift; sourceTree = "<group>"; };
		79E7EF3926A1C1B60066D305 /* BrandModel.swift */ = {isa = PBXFileReference; lastKnownFileType = sourcecode.swift; path = BrandModel.swift; sourceTree = "<group>"; };
		79E7EF3B26A1C2150066D305 /* BrandItemView.swift */ = {isa = PBXFileReference; lastKnownFileType = sourcecode.swift; path = BrandItemView.swift; sourceTree = "<group>"; };
		79E7EF3D26A1C3050066D305 /* BrandGridView.swift */ = {isa = PBXFileReference; lastKnownFileType = sourcecode.swift; path = BrandGridView.swift; sourceTree = "<group>"; };
		79E7EF3F26A1C7050066D305 /* ProductDetailView.swift */ = {isa = PBXFileReference; lastKnownFileType = sourcecode.swift; path = ProductDetailView.swift; sourceTree = "<group>"; };
		79E7EF4126A1D0170066D305 /* NavigationBarDetailView.swift */ = {isa = PBXFileReference; lastKnownFileType = sourcecode.swift; path = NavigationBarDetailView.swift; sourceTree = "<group>"; };
		79E7EF4426A1D1430066D305 /* HeaderDetailView.swift */ = {isa = PBXFileReference; lastKnownFileType = sourcecode.swift; path = HeaderDetailView.swift; sourceTree = "<group>"; };
		79E7EF4626A1D2030066D305 /* TopPartDetailView.swift */ = {isa = PBXFileReference; lastKnownFileType = sourcecode.swift; path = TopPartDetailView.swift; sourceTree = "<group>"; };
		79E7EF4826A1D63B0066D305 /* CustomShape.swift */ = {isa = PBXFileReference; lastKnownFileType = sourcecode.swift; path = CustomShape.swift; sourceTree = "<group>"; };
		79E7EF4A26A1D8900066D305 /* RatingsSizesDetailView.swift */ = {isa = PBXFileReference; lastKnownFileType = sourcecode.swift; path = RatingsSizesDetailView.swift; sourceTree = "<group>"; };
		79E7EF4C26A1DB9E0066D305 /* QuantityFavouriteDetailView.swift */ = {isa = PBXFileReference; lastKnownFileType = sourcecode.swift; path = QuantityFavouriteDetailView.swift; sourceTree = "<group>"; };
		79E7EF4E26A1DDE20066D305 /* AddToCartDetailView.swift */ = {isa = PBXFileReference; lastKnownFileType = sourcecode.swift; path = AddToCartDetailView.swift; sourceTree = "<group>"; };
		79E7EF5026A1DFFF0066D305 /* Shop.swift */ = {isa = PBXFileReference; lastKnownFileType = sourcecode.swift; path = Shop.swift; sourceTree = "<group>"; };
/* End PBXFileReference section */

/* Begin PBXFrameworksBuildPhase section */
		79E7EEF4269F6EB40066D305 /* Frameworks */ = {
			isa = PBXFrameworksBuildPhase;
			buildActionMask = 2147483647;
			files = (
			);
			runOnlyForDeploymentPostprocessing = 0;
		};
/* End PBXFrameworksBuildPhase section */

/* Begin PBXGroup section */
		79E7EEEE269F6EB40066D305 = {
			isa = PBXGroup;
			children = (
				79E7EEF9269F6EB40066D305 /* Touchdown */,
				79E7EEF8269F6EB40066D305 /* Products */,
			);
			sourceTree = "<group>";
		};
		79E7EEF8269F6EB40066D305 /* Products */ = {
			isa = PBXGroup;
			children = (
				79E7EEF7269F6EB40066D305 /* Touchdown.app */,
			);
			name = Products;
			sourceTree = "<group>";
		};
		79E7EEF9269F6EB40066D305 /* Touchdown */ = {
			isa = PBXGroup;
			children = (
				79E7EF18269F70610066D305 /* Utility */,
				79E7EF17269F705B0066D305 /* Extension */,
				79E7EF14269F6FAC0066D305 /* App */,
				79E7EF13269F6F900066D305 /* Model */,
				79E7EF12269F6F880066D305 /* View */,
				79E7EF09269F6F4F0066D305 /* Data */,
				79E7EEFE269F6EB80066D305 /* Assets.xcassets */,
				79E7EF03269F6EB80066D305 /* Info.plist */,
				79E7EF00269F6EB80066D305 /* Preview Content */,
			);
			path = Touchdown;
			sourceTree = "<group>";
		};
		79E7EF00269F6EB80066D305 /* Preview Content */ = {
			isa = PBXGroup;
			children = (
				79E7EF01269F6EB80066D305 /* Preview Assets.xcassets */,
			);
			path = "Preview Content";
			sourceTree = "<group>";
		};
		79E7EF09269F6F4F0066D305 /* Data */ = {
			isa = PBXGroup;
			children = (
				79E7EF0C269F6F630066D305 /* brand.json */,
				79E7EF0B269F6F630066D305 /* category.json */,
				79E7EF0A269F6F630066D305 /* player.json */,
				79E7EF0D269F6F630066D305 /* product.json */,
			);
			path = Data;
			sourceTree = "<group>";
		};
		79E7EF12269F6F880066D305 /* View */ = {
			isa = PBXGroup;
			children = (
				79E7EF16269F70560066D305 /* Detail */,
				79E7EF15269F704F0066D305 /* Home */,
			);
			path = View;
			sourceTree = "<group>";
		};
		79E7EF13269F6F900066D305 /* Model */ = {
			isa = PBXGroup;
			children = (
				79E7EF2126A0E0270066D305 /* PlayerModel.swift */,
				79E7EF2926A0EF7F0066D305 /* CategoryModel.swift */,
				79E7EF3326A1B7740066D305 /* ProductModel.swift */,
				79E7EF3926A1C1B60066D305 /* BrandModel.swift */,
			);
			path = Model;
			sourceTree = "<group>";
		};
		79E7EF14269F6FAC0066D305 /* App */ = {
			isa = PBXGroup;
			children = (
				79E7EEFA269F6EB40066D305 /* TouchdownApp.swift */,
				79E7EEFC269F6EB40066D305 /* ContentView.swift */,
				79E7EF3F26A1C7050066D305 /* ProductDetailView.swift */,
			);
			path = App;
			sourceTree = "<group>";
		};
		79E7EF15269F704F0066D305 /* Home */ = {
			isa = PBXGroup;
			children = (
				79E7EF1B26A0D3D60066D305 /* FooterView.swift */,
				79E7EF1D26A0DB760066D305 /* NavigationBarView.swift */,
				79E7EF1F26A0DC550066D305 /* LogoView.swift */,
				79E7EF2526A0E7A60066D305 /* FeaturedItemView.swift */,
				79E7EF2726A0E8B20066D305 /* FeaturedTabView.swift */,
				79E7EF2B26A10AA50066D305 /* CategoryItemView.swift */,
				79E7EF2D26A1AF4B0066D305 /* CategoryGridView.swift */,
				79E7EF2F26A1B2520066D305 /* SectionView.swift */,
				79E7EF3126A1B6780066D305 /* TitleView.swift */,
				79E7EF3726A1B8840066D305 /* ProductItemView.swift */,
				79E7EF3B26A1C2150066D305 /* BrandItemView.swift */,
				79E7EF3D26A1C3050066D305 /* BrandGridView.swift */,
			);
			path = Home;
			sourceTree = "<group>";
		};
		79E7EF16269F70560066D305 /* Detail */ = {
			isa = PBXGroup;
			children = (
				79E7EF4126A1D0170066D305 /* NavigationBarDetailView.swift */,
				79E7EF4426A1D1430066D305 /* HeaderDetailView.swift */,
				79E7EF4626A1D2030066D305 /* TopPartDetailView.swift */,
				79E7EF4A26A1D8900066D305 /* RatingsSizesDetailView.swift */,
				79E7EF4C26A1DB9E0066D305 /* QuantityFavouriteDetailView.swift */,
				79E7EF4E26A1DDE20066D305 /* AddToCartDetailView.swift */,
			);
			path = Detail;
			sourceTree = "<group>";
		};
		79E7EF17269F705B0066D305 /* Extension */ = {
			isa = PBXGroup;
			children = (
				79E7EF2326A0E05C0066D305 /* CodableBundleExtension.swift */,
			);
			path = Extension;
			sourceTree = "<group>";
		};
		79E7EF18269F70610066D305 /* Utility */ = {
			isa = PBXGroup;
			children = (
				79E7EF1926A0D2840066D305 /* Constant.swift */,
				79E7EF4826A1D63B0066D305 /* CustomShape.swift */,
				79E7EF5026A1DFFF0066D305 /* Shop.swift */,
			);
			path = Utility;
			sourceTree = "<group>";
		};
/* End PBXGroup section */

/* Begin PBXNativeTarget section */
		79E7EEF6269F6EB40066D305 /* Touchdown */ = {
			isa = PBXNativeTarget;
			buildConfigurationList = 79E7EF06269F6EB80066D305 /* Build configuration list for PBXNativeTarget "Touchdown" */;
			buildPhases = (
				79E7EEF3269F6EB40066D305 /* Sources */,
				79E7EEF4269F6EB40066D305 /* Frameworks */,
				79E7EEF5269F6EB40066D305 /* Resources */,
			);
			buildRules = (
			);
			dependencies = (
			);
			name = Touchdown;
			productName = Touchdown;
			productReference = 79E7EEF7269F6EB40066D305 /* Touchdown.app */;
			productType = "com.apple.product-type.application";
		};
/* End PBXNativeTarget section */

/* Begin PBXProject section */
		79E7EEEF269F6EB40066D305 /* Project object */ = {
			isa = PBXProject;
			attributes = {
				LastSwiftUpdateCheck = 1250;
				LastUpgradeCheck = 1250;
				TargetAttributes = {
					79E7EEF6269F6EB40066D305 = {
						CreatedOnToolsVersion = 12.5.1;
					};
				};
			};
			buildConfigurationList = 79E7EEF2269F6EB40066D305 /* Build configuration list for PBXProject "Touchdown" */;
			compatibilityVersion = "Xcode 9.3";
			developmentRegion = en;
			hasScannedForEncodings = 0;
			knownRegions = (
				en,
				Base,
			);
			mainGroup = 79E7EEEE269F6EB40066D305;
			productRefGroup = 79E7EEF8269F6EB40066D305 /* Products */;
			projectDirPath = "";
			projectRoot = "";
			targets = (
				79E7EEF6269F6EB40066D305 /* Touchdown */,
			);
		};
/* End PBXProject section */

/* Begin PBXResourcesBuildPhase section */
		79E7EEF5269F6EB40066D305 /* Resources */ = {
			isa = PBXResourcesBuildPhase;
			buildActionMask = 2147483647;
			files = (
				79E7EF0E269F6F630066D305 /* player.json in Resources */,
				79E7EF10269F6F630066D305 /* brand.json in Resources */,
				79E7EF02269F6EB80066D305 /* Preview Assets.xcassets in Resources */,
				79E7EEFF269F6EB80066D305 /* Assets.xcassets in Resources */,
				79E7EF0F269F6F630066D305 /* category.json in Resources */,
				79E7EF11269F6F630066D305 /* product.json in Resources */,
			);
			runOnlyForDeploymentPostprocessing = 0;
		};
/* End PBXResourcesBuildPhase section */

/* Begin PBXSourcesBuildPhase section */
		79E7EEF3269F6EB40066D305 /* Sources */ = {
			isa = PBXSourcesBuildPhase;
			buildActionMask = 2147483647;
			files = (
				79E7EF2426A0E05C0066D305 /* CodableBundleExtension.swift in Sources */,
				79E7EF4526A1D1430066D305 /* HeaderDetailView.swift in Sources */,
				79E7EF4726A1D2030066D305 /* TopPartDetailView.swift in Sources */,
				79E7EEFD269F6EB40066D305 /* ContentView.swift in Sources */,
				79E7EF2026A0DC550066D305 /* LogoView.swift in Sources */,
				79E7EF1C26A0D3D60066D305 /* FooterView.swift in Sources */,
				79E7EF2626A0E7A60066D305 /* FeaturedItemView.swift in Sources */,
				79E7EF3826A1B8840066D305 /* ProductItemView.swift in Sources */,
				79E7EF4F26A1DDE20066D305 /* AddToCartDetailView.swift in Sources */,
				79E7EF3E26A1C3050066D305 /* BrandGridView.swift in Sources */,
				79E7EF4B26A1D8900066D305 /* RatingsSizesDetailView.swift in Sources */,
				79E7EEFB269F6EB40066D305 /* TouchdownApp.swift in Sources */,
				79E7EF4026A1C7050066D305 /* ProductDetailView.swift in Sources */,
				79E7EF4226A1D0170066D305 /* NavigationBarDetailView.swift in Sources */,
				79E7EF1A26A0D2840066D305 /* Constant.swift in Sources */,
				79E7EF2E26A1AF4B0066D305 /* CategoryGridView.swift in Sources */,
				79E7EF2A26A0EF7F0066D305 /* CategoryModel.swift in Sources */,
				79E7EF1E26A0DB760066D305 /* NavigationBarView.swift in Sources */,
				79E7EF3026A1B2520066D305 /* SectionView.swift in Sources */,
				79E7EF3C26A1C2150066D305 /* BrandItemView.swift in Sources */,
				79E7EF2C26A10AA50066D305 /* CategoryItemView.swift in Sources */,
				79E7EF2826A0E8B20066D305 /* FeaturedTabView.swift in Sources */,
				79E7EF4926A1D63B0066D305 /* CustomShape.swift in Sources */,
				79E7EF2226A0E0270066D305 /* PlayerModel.swift in Sources */,
				79E7EF5126A1DFFF0066D305 /* Shop.swift in Sources */,
				79E7EF3A26A1C1B60066D305 /* BrandModel.swift in Sources */,
				79E7EF3226A1B6780066D305 /* TitleView.swift in Sources */,
				79E7EF4D26A1DB9E0066D305 /* QuantityFavouriteDetailView.swift in Sources */,
				79E7EF3426A1B7740066D305 /* ProductModel.swift in Sources */,
			);
			runOnlyForDeploymentPostprocessing = 0;
		};
/* End PBXSourcesBuildPhase section */

/* Begin XCBuildConfiguration section */
		79E7EF04269F6EB80066D305 /* Debug */ = {
			isa = XCBuildConfiguration;
			buildSettings = {
				ALWAYS_SEARCH_USER_PATHS = NO;
				CLANG_ANALYZER_NONNULL = YES;
				CLANG_ANALYZER_NUMBER_OBJECT_CONVERSION = YES_AGGRESSIVE;
				CLANG_CXX_LANGUAGE_STANDARD = "gnu++14";
				CLANG_CXX_LIBRARY = "libc++";
				CLANG_ENABLE_MODULES = YES;
				CLANG_ENABLE_OBJC_ARC = YES;
				CLANG_ENABLE_OBJC_WEAK = YES;
				CLANG_WARN_BLOCK_CAPTURE_AUTORELEASING = YES;
				CLANG_WARN_BOOL_CONVERSION = YES;
				CLANG_WARN_COMMA = YES;
				CLANG_WARN_CONSTANT_CONVERSION = YES;
				CLANG_WARN_DEPRECATED_OBJC_IMPLEMENTATIONS = YES;
				CLANG_WARN_DIRECT_OBJC_ISA_USAGE = YES_ERROR;
				CLANG_WARN_DOCUMENTATION_COMMENTS = YES;
				CLANG_WARN_EMPTY_BODY = YES;
				CLANG_WARN_ENUM_CONVERSION = YES;
				CLANG_WARN_INFINITE_RECURSION = YES;
				CLANG_WARN_INT_CONVERSION = YES;
				CLANG_WARN_NON_LITERAL_NULL_CONVERSION = YES;
				CLANG_WARN_OBJC_IMPLICIT_RETAIN_SELF = YES;
				CLANG_WARN_OBJC_LITERAL_CONVERSION = YES;
				CLANG_WARN_OBJC_ROOT_CLASS = YES_ERROR;
				CLANG_WARN_QUOTED_INCLUDE_IN_FRAMEWORK_HEADER = YES;
				CLANG_WARN_RANGE_LOOP_ANALYSIS = YES;
				CLANG_WARN_STRICT_PROTOTYPES = YES;
				CLANG_WARN_SUSPICIOUS_MOVE = YES;
				CLANG_WARN_UNGUARDED_AVAILABILITY = YES_AGGRESSIVE;
				CLANG_WARN_UNREACHABLE_CODE = YES;
				CLANG_WARN__DUPLICATE_METHOD_MATCH = YES;
				COPY_PHASE_STRIP = NO;
				DEBUG_INFORMATION_FORMAT = dwarf;
				ENABLE_STRICT_OBJC_MSGSEND = YES;
				ENABLE_TESTABILITY = YES;
				GCC_C_LANGUAGE_STANDARD = gnu11;
				GCC_DYNAMIC_NO_PIC = NO;
				GCC_NO_COMMON_BLOCKS = YES;
				GCC_OPTIMIZATION_LEVEL = 0;
				GCC_PREPROCESSOR_DEFINITIONS = (
					"DEBUG=1",
					"$(inherited)",
				);
				GCC_WARN_64_TO_32_BIT_CONVERSION = YES;
				GCC_WARN_ABOUT_RETURN_TYPE = YES_ERROR;
				GCC_WARN_UNDECLARED_SELECTOR = YES;
				GCC_WARN_UNINITIALIZED_AUTOS = YES_AGGRESSIVE;
				GCC_WARN_UNUSED_FUNCTION = YES;
				GCC_WARN_UNUSED_VARIABLE = YES;
				IPHONEOS_DEPLOYMENT_TARGET = 14.5;
				MTL_ENABLE_DEBUG_INFO = INCLUDE_SOURCE;
				MTL_FAST_MATH = YES;
				ONLY_ACTIVE_ARCH = YES;
				SDKROOT = iphoneos;
				SWIFT_ACTIVE_COMPILATION_CONDITIONS = DEBUG;
				SWIFT_OPTIMIZATION_LEVEL = "-Onone";
			};
			name = Debug;
		};
		79E7EF05269F6EB80066D305 /* Release */ = {
			isa = XCBuildConfiguration;
			buildSettings = {
				ALWAYS_SEARCH_USER_PATHS = NO;
				CLANG_ANALYZER_NONNULL = YES;
				CLANG_ANALYZER_NUMBER_OBJECT_CONVERSION = YES_AGGRESSIVE;
				CLANG_CXX_LANGUAGE_STANDARD = "gnu++14";
				CLANG_CXX_LIBRARY = "libc++";
				CLANG_ENABLE_MODULES = YES;
				CLANG_ENABLE_OBJC_ARC = YES;
				CLANG_ENABLE_OBJC_WEAK = YES;
				CLANG_WARN_BLOCK_CAPTURE_AUTORELEASING = YES;
				CLANG_WARN_BOOL_CONVERSION = YES;
				CLANG_WARN_COMMA = YES;
				CLANG_WARN_CONSTANT_CONVERSION = YES;
				CLANG_WARN_DEPRECATED_OBJC_IMPLEMENTATIONS = YES;
				CLANG_WARN_DIRECT_OBJC_ISA_USAGE = YES_ERROR;
				CLANG_WARN_DOCUMENTATION_COMMENTS = YES;
				CLANG_WARN_EMPTY_BODY = YES;
				CLANG_WARN_ENUM_CONVERSION = YES;
				CLANG_WARN_INFINITE_RECURSION = YES;
				CLANG_WARN_INT_CONVERSION = YES;
				CLANG_WARN_NON_LITERAL_NULL_CONVERSION = YES;
				CLANG_WARN_OBJC_IMPLICIT_RETAIN_SELF = YES;
				CLANG_WARN_OBJC_LITERAL_CONVERSION = YES;
				CLANG_WARN_OBJC_ROOT_CLASS = YES_ERROR;
				CLANG_WARN_QUOTED_INCLUDE_IN_FRAMEWORK_HEADER = YES;
				CLANG_WARN_RANGE_LOOP_ANALYSIS = YES;
				CLANG_WARN_STRICT_PROTOTYPES = YES;
				CLANG_WARN_SUSPICIOUS_MOVE = YES;
				CLANG_WARN_UNGUARDED_AVAILABILITY = YES_AGGRESSIVE;
				CLANG_WARN_UNREACHABLE_CODE = YES;
				CLANG_WARN__DUPLICATE_METHOD_MATCH = YES;
				COPY_PHASE_STRIP = NO;
				DEBUG_INFORMATION_FORMAT = "dwarf-with-dsym";
				ENABLE_NS_ASSERTIONS = NO;
				ENABLE_STRICT_OBJC_MSGSEND = YES;
				GCC_C_LANGUAGE_STANDARD = gnu11;
				GCC_NO_COMMON_BLOCKS = YES;
				GCC_WARN_64_TO_32_BIT_CONVERSION = YES;
				GCC_WARN_ABOUT_RETURN_TYPE = YES_ERROR;
				GCC_WARN_UNDECLARED_SELECTOR = YES;
				GCC_WARN_UNINITIALIZED_AUTOS = YES_AGGRESSIVE;
				GCC_WARN_UNUSED_FUNCTION = YES;
				GCC_WARN_UNUSED_VARIABLE = YES;
				IPHONEOS_DEPLOYMENT_TARGET = 14.5;
				MTL_ENABLE_DEBUG_INFO = NO;
				MTL_FAST_MATH = YES;
				SDKROOT = iphoneos;
				SWIFT_COMPILATION_MODE = wholemodule;
				SWIFT_OPTIMIZATION_LEVEL = "-O";
				VALIDATE_PRODUCT = YES;
			};
			name = Release;
		};
		79E7EF07269F6EB80066D305 /* Debug */ = {
			isa = XCBuildConfiguration;
			buildSettings = {
				ASSETCATALOG_COMPILER_APPICON_NAME = AppIcon;
				ASSETCATALOG_COMPILER_GLOBAL_ACCENT_COLOR_NAME = AccentColor;
				CODE_SIGN_STYLE = Automatic;
				DEVELOPMENT_ASSET_PATHS = "\"Touchdown/Preview Content\"";
				DEVELOPMENT_TEAM = YU4CW92V6T;
				ENABLE_PREVIEWS = YES;
				INFOPLIST_FILE = Touchdown/Info.plist;
				IPHONEOS_DEPLOYMENT_TARGET = 14.0;
				LD_RUNPATH_SEARCH_PATHS = (
					"$(inherited)",
					"@executable_path/Frameworks",
				);
				PRODUCT_BUNDLE_IDENTIFIER = elokaagu.Touchdown;
				PRODUCT_NAME = "$(TARGET_NAME)";
				SWIFT_VERSION = 5.0;
				TARGETED_DEVICE_FAMILY = "1,2";
			};
			name = Debug;
		};
		79E7EF08269F6EB80066D305 /* Release */ = {
			isa = XCBuildConfiguration;
			buildSettings = {
				ASSETCATALOG_COMPILER_APPICON_NAME = AppIcon;
				ASSETCATALOG_COMPILER_GLOBAL_ACCENT_COLOR_NAME = AccentColor;
				CODE_SIGN_STYLE = Automatic;
				DEVELOPMENT_ASSET_PATHS = "\"Touchdown/Preview Content\"";
				DEVELOPMENT_TEAM = YU4CW92V6T;
				ENABLE_PREVIEWS = YES;
				INFOPLIST_FILE = Touchdown/Info.plist;
				IPHONEOS_DEPLOYMENT_TARGET = 14.0;
				LD_RUNPATH_SEARCH_PATHS = (
					"$(inherited)",
					"@executable_path/Frameworks",
				);
				PRODUCT_BUNDLE_IDENTIFIER = elokaagu.Touchdown;
				PRODUCT_NAME = "$(TARGET_NAME)";
				SWIFT_VERSION = 5.0;
				TARGETED_DEVICE_FAMILY = "1,2";
			};
			name = Release;
		};
/* End XCBuildConfiguration section */

/* Begin XCConfigurationList section */
		79E7EEF2269F6EB40066D305 /* Build configuration list for PBXProject "Touchdown" */ = {
			isa = XCConfigurationList;
			buildConfigurations = (
				79E7EF04269F6EB80066D305 /* Debug */,
				79E7EF05269F6EB80066D305 /* Release */,
			);
			defaultConfigurationIsVisible = 0;
			defaultConfigurationName = Release;
		};
		79E7EF06269F6EB80066D305 /* Build configuration list for PBXNativeTarget "Touchdown" */ = {
			isa = XCConfigurationList;
			buildConfigurations = (
				79E7EF07269F6EB80066D305 /* Debug */,
				79E7EF08269F6EB80066D305 /* Release */,
			);
			defaultConfigurationIsVisible = 0;
			defaultConfigurationName = Release;
		};
/* End XCConfigurationList section */
	};
	rootObject = 79E7EEEF269F6EB40066D305 /* Project object */;
}
